<?xml version="1.0" encoding="UTF-8" standalone="yes" ?>
<CodeBlocks_project_file>
	<FileVersion major="1" minor="6" />
	<Project>
		<Option title="UnitTest" />
		<Option pch_mode="2" />
		<Option compiler="gcc" />
		<Build>
			<Target title="Debug">
				<Option platforms="Windows;" />
				<Option output="bin/Debug/libUnitTest++.a" prefix_auto="0" extension_auto="0" />
				<Option working_dir="" />
				<Option object_output="bin/Debug/" />
				<Option type="2" />
				<Option compiler="gcc" />
				<Option createDefFile="1" />
				<Compiler>
					<Add option="-Winit-self" />
					<Add option="-Wredundant-decls" />
					<Add option="-Wcast-align" />
					<Add option="-Wundef" />
					<Add option="-Wfloat-equal" />
					<Add option="-Wmissing-declarations" />
					<Add option="-Wmissing-include-dirs" />
					<Add option="-Wswitch-enum" />
					<Add option="-Wswitch-default" />
					<Add option="-Wmain" />
					<Add option="-pedantic" />
					<Add option="-std=c++98" />
					<Add option="-Wextra" />
					<Add option="-Wall" />
					<Add option="-ansi" />
					<Add option="-g" />
				</Compiler>
			</Target>
			<Target title="Release">
				<Option platforms="Windows;" />
				<Option output="bin/Release/libUnitTest++.a" prefix_auto="0" extension_auto="0" />
				<Option working_dir="" />
				<Option object_output="bin/Release/" />
				<Option type="2" />
				<Option compiler="gcc" />
				<Option createDefFile="1" />
				<Compiler>
					<Add option="-O3" />
					<Add option="-Winit-self" />
					<Add option="-Wredundant-decls" />
					<Add option="-Wcast-align" />
					<Add option="-Wundef" />
					<Add option="-Wfloat-equal" />
					<Add option="-Wmissing-declarations" />
					<Add option="-Wmissing-include-dirs" />
					<Add option="-Wswitch-enum" />
					<Add option="-Wswitch-default" />
					<Add option="-Wmain" />
					<Add option="-pedantic" />
					<Add option="-std=c++98" />
					<Add option="-Wextra" />
					<Add option="-Wall" />
					<Add option="-ansi" />
				</Compiler>
				<Linker>
					<Add option="-s" />
				</Linker>
			</Target>
		</Build>
		<VirtualTargets>
			<Add alias="All" targets="Debug;Release;" />
		</VirtualTargets>
		<Unit filename="src/AssertException.cpp" />
		<Unit filename="src/AssertException.h" />
		<Unit filename="src/CheckMacros.h" />
		<Unit filename="src/Checks.cpp" />
		<Unit filename="src/Checks.h" />
		<Unit filename="src/CompositeTestReporter.cpp" />
		<Unit filename="src/CompositeTestReporter.h" />
		<Unit filename="src/Config.h" />
		<Unit filename="src/CurrentTest.cpp" />
		<Unit filename="src/CurrentTest.h" />
		<Unit filename="src/DeferredTestReporter.cpp" />
		<Unit filename="src/DeferredTestReporter.h" />
		<Unit filename="src/DeferredTestResult.cpp" />
		<Unit filename="src/DeferredTestResult.h" />
		<Unit filename="src/ExceptionMacros.h" />
		<Unit filename="src/ExecuteTest.h" />
		<Unit filename="src/HelperMacros.h" />
		<Unit filename="src/MemoryOutStream.cpp" />
		<Unit filename="src/MemoryOutStream.h" />
		<Unit filename="src/ReportAssert.cpp" />
		<Unit filename="src/ReportAssert.h" />
		<Unit filename="src/ReportAssertImpl.h" />
		<Unit filename="src/RequireMacros.h" />
		<Unit filename="src/RequiredCheckException.cpp" />
		<Unit filename="src/RequiredCheckException.h" />
		<Unit filename="src/RequiredCheckTestReporter.cpp" />
		<Unit filename="src/RequiredCheckTestReporter.h" />
		<Unit filename="src/Test.cpp" />
		<Unit filename="src/Test.h" />
		<Unit filename="src/TestDetails.cpp" />
		<Unit filename="src/TestDetails.h" />
		<Unit filename="src/TestList.cpp" />
		<Unit filename="src/TestList.h" />
		<Unit filename="src/TestMacros.h" />
		<Unit filename="src/TestReporter.cpp" />
		<Unit filename="src/TestReporter.h" />
		<Unit filename="src/TestReporterStdout.cpp" />
		<Unit filename="src/TestReporterStdout.h" />
		<Unit filename="src/TestResults.cpp" />
		<Unit filename="src/TestResults.h" />
		<Unit filename="src/TestRunner.cpp" />
		<Unit filename="src/TestRunner.h" />
		<Unit filename="src/TestSuite.h" />
		<Unit filename="src/ThrowingTestReporter.cpp" />
		<Unit filename="src/ThrowingTestReporter.h" />
		<Unit filename="src/TimeConstraint.cpp" />
		<Unit filename="src/TimeConstraint.h" />
		<Unit filename="src/TimeHelpers.h" />
		<Unit filename="src/UnitTest++.h" />
		<Unit filename="src/UnitTestPP.h" />
		<Unit filename="src/Win32/TimeHelpers.cpp" />
		<Unit filename="src/Win32/TimeHelpers.h" />
		<Unit filename="src/XmlTestReporter.cpp" />
		<Unit filename="src/XmlTestReporter.h" />
		<Extensions>
			<envvars />
			<code_completion />
			<debugger />
		</Extensions>
	</Project>
</CodeBlocks_project_file>
